// !$*UTF8*$!
{
	archiveVersion = 1;
	classes = {
	};
	objectVersion = 46;
	objects = {

/* Begin PBXBuildFile section */
		5FB9269A1501B02C00013E01 /* md5.c in Sources */ = {isa = PBXBuildFile; fileRef = 5FB926961501B02C00013E01 /* md5.c */; };
		5FB9269B1501B02C00013E01 /* MTMd5.m in Sources */ = {isa = PBXBuildFile; fileRef = 5FB926991501B02C00013E01 /* MTMd5.m */; };
		5FD624C615007097000FF6EF /* UIKit.framework in Frameworks */ = {isa = PBXBuildFile; fileRef = 5FD624C515007097000FF6EF /* UIKit.framework */; };
		5FD624C815007097000FF6EF /* Foundation.framework in Frameworks */ = {isa = PBXBuildFile; fileRef = 5FD624C715007097000FF6EF /* Foundation.framework */; };
		5FD624CA15007097000FF6EF /* CoreGraphics.framework in Frameworks */ = {isa = PBXBuildFile; fileRef = 5FD624C915007097000FF6EF /* CoreGraphics.framework */; };
		5FD624D015007097000FF6EF /* InfoPlist.strings in Resources */ = {isa = PBXBuildFile; fileRef = 5FD624CE15007097000FF6EF /* InfoPlist.strings */; };
		5FD624D215007097000FF6EF /* main.m in Sources */ = {isa = PBXBuildFile; fileRef = 5FD624D115007097000FF6EF /* main.m */; };
		5FD624D615007097000FF6EF /* AppDelegate.m in Sources */ = {isa = PBXBuildFile; fileRef = 5FD624D515007097000FF6EF /* AppDelegate.m */; };
		5FD624F6150070E9000FF6EF /* ASIDownloadCache.m in Sources */ = {isa = PBXBuildFile; fileRef = 5FD624E3150070E9000FF6EF /* ASIDownloadCache.m */; };
		5FD624F7150070E9000FF6EF /* ASIFormDataRequest.m in Sources */ = {isa = PBXBuildFile; fileRef = 5FD624E5150070E9000FF6EF /* ASIFormDataRequest.m */; };
		5FD624F8150070E9000FF6EF /* ASIHTTPRequest.m in Sources */ = {isa = PBXBuildFile; fileRef = 5FD624E7150070E9000FF6EF /* ASIHTTPRequest.m */; };
		5FD624F9150070E9000FF6EF /* ASIInputStream.m in Sources */ = {isa = PBXBuildFile; fileRef = 5FD624EB150070E9000FF6EF /* ASIInputStream.m */; };
		5FD624FA150070E9000FF6EF /* ASINetworkQueue.m in Sources */ = {isa = PBXBuildFile; fileRef = 5FD624ED150070E9000FF6EF /* ASINetworkQueue.m */; };
		5FD624FB150070E9000FF6EF /* ASIAuthenticationDialog.m in Sources */ = {isa = PBXBuildFile; fileRef = 5FD624F1150070E9000FF6EF /* ASIAuthenticationDialog.m */; };
		5FD624FC150070E9000FF6EF /* Reachability.m in Sources */ = {isa = PBXBuildFile; fileRef = 5FD624F3150070E9000FF6EF /* Reachability.m */; };
		5FD624FE150070F6000FF6EF /* SystemConfiguration.framework in Frameworks */ = {isa = PBXBuildFile; fileRef = 5FD624FD150070F6000FF6EF /* SystemConfiguration.framework */; };
		5FD62500150070FB000FF6EF /* MobileCoreServices.framework in Frameworks */ = {isa = PBXBuildFile; fileRef = 5FD624FF150070FB000FF6EF /* MobileCoreServices.framework */; };
		5FD6250215007102000FF6EF /* CFNetwork.framework in Frameworks */ = {isa = PBXBuildFile; fileRef = 5FD6250115007102000FF6EF /* CFNetwork.framework */; };
		5FD6250715007200000FF6EF /* ASIDataCompressor.m in Sources */ = {isa = PBXBuildFile; fileRef = 5FD62504150071FF000FF6EF /* ASIDataCompressor.m */; };
		5FD6250815007200000FF6EF /* ASIDataDecompressor.m in Sources */ = {isa = PBXBuildFile; fileRef = 5FD6250615007200000FF6EF /* ASIDataDecompressor.m */; };
		5FD6250A15007213000FF6EF /* libz.dylib in Frameworks */ = {isa = PBXBuildFile; fileRef = 5FD6250915007213000FF6EF /* libz.dylib */; };
		5FEB0969150075EC00F9D61A /* MTNetCacheManager.m in Sources */ = {isa = PBXBuildFile; fileRef = 5FEB0968150075EC00F9D61A /* MTNetCacheManager.m */; };
		5FEB096C1500786F00F9D61A /* MTNetCacheElement.m in Sources */ = {isa = PBXBuildFile; fileRef = 5FEB096B1500786F00F9D61A /* MTNetCacheElement.m */; };
		5FEB096F150081EC00F9D61A /* MTMenoryCache.m in Sources */ = {isa = PBXBuildFile; fileRef = 5FEB096E150081EC00F9D61A /* MTMenoryCache.m */; };
		5FEB09721500820100F9D61A /* MTLocationCache.m in Sources */ = {isa = PBXBuildFile; fileRef = 5FEB09711500820100F9D61A /* MTLocationCache.m */; };
		5FEB097E15009A2B00F9D61A /* MTDateFormatter.m in Sources */ = {isa = PBXBuildFile; fileRef = 5FEB097D15009A2B00F9D61A /* MTDateFormatter.m */; };
		5FF37AB71500B7BC008346D0 /* data.plist in Resources */ = {isa = PBXBuildFile; fileRef = 5FF37AB61500B7BC008346D0 /* data.plist */; };
/* End PBXBuildFile section */

/* Begin PBXFileReference section */
		5FB926961501B02C00013E01 /* md5.c */ = {isa = PBXFileReference; fileEncoding = 4; lastKnownFileType = sourcecode.c.c; path = md5.c; sourceTree = "<group>"; };
		5FB926971501B02C00013E01 /* md5.h */ = {isa = PBXFileReference; fileEncoding = 4; lastKnownFileType = sourcecode.c.h; path = md5.h; sourceTree = "<group>"; };
		5FB926981501B02C00013E01 /* MTMd5.h */ = {isa = PBXFileReference; fileEncoding = 4; lastKnownFileType = sourcecode.c.h; path = MTMd5.h; sourceTree = "<group>"; };
		5FB926991501B02C00013E01 /* MTMd5.m */ = {isa = PBXFileReference; fileEncoding = 4; lastKnownFileType = sourcecode.c.objc; path = MTMd5.m; sourceTree = "<group>"; };
		5FD624C115007097000FF6EF /* NetWorkTest.app */ = {isa = PBXFileReference; explicitFileType = wrapper.application; includeInIndex = 0; path = NetWorkTest.app; sourceTree = BUILT_PRODUCTS_DIR; };
		5FD624C515007097000FF6EF /* UIKit.framework */ = {isa = PBXFileReference; lastKnownFileType = wrapper.framework; name = UIKit.framework; path = System/Library/Frameworks/UIKit.framework; sourceTree = SDKROOT; };
		5FD624C715007097000FF6EF /* Foundation.framework */ = {isa = PBXFileReference; lastKnownFileType = wrapper.framework; name = Foundation.framework; path = System/Library/Frameworks/Foundation.framework; sourceTree = SDKROOT; };
		5FD624C915007097000FF6EF /* CoreGraphics.framework */ = {isa = PBXFileReference; lastKnownFileType = wrapper.framework; name = CoreGraphics.framework; path = System/Library/Frameworks/CoreGraphics.framework; sourceTree = SDKROOT; };
		5FD624CD15007097000FF6EF /* NetWorkTest-Info.plist */ = {isa = PBXFileReference; lastKnownFileType = text.plist.xml; path = "NetWorkTest-Info.plist"; sourceTree = "<group>"; };
		5FD624CF15007097000FF6EF /* en */ = {isa = PBXFileReference; lastKnownFileType = text.plist.strings; name = en; path = en.lproj/InfoPlist.strings; sourceTree = "<group>"; };
		5FD624D115007097000FF6EF /* main.m */ = {isa = PBXFileReference; lastKnownFileType = sourcecode.c.objc; path = main.m; sourceTree = "<group>"; };
		5FD624D315007097000FF6EF /* NetWorkTest-Prefix.pch */ = {isa = PBXFileReference; lastKnownFileType = sourcecode.c.h; path = "NetWorkTest-Prefix.pch"; sourceTree = "<group>"; };
		5FD624D415007097000FF6EF /* AppDelegate.h */ = {isa = PBXFileReference; lastKnownFileType = sourcecode.c.h; path = AppDelegate.h; sourceTree = "<group>"; };
		5FD624D515007097000FF6EF /* AppDelegate.m */ = {isa = PBXFileReference; lastKnownFileType = sourcecode.c.objc; path = AppDelegate.m; sourceTree = "<group>"; };
		5FD624DD150070E9000FF6EF /* ASICacheDelegate.h */ = {isa = PBXFileReference; fileEncoding = 4; lastKnownFileType = sourcecode.c.h; path = ASICacheDelegate.h; sourceTree = "<group>"; };
		5FD624E2150070E9000FF6EF /* ASIDownloadCache.h */ = {isa = PBXFileReference; fileEncoding = 4; lastKnownFileType = sourcecode.c.h; path = ASIDownloadCache.h; sourceTree = "<group>"; };
		5FD624E3150070E9000FF6EF /* ASIDownloadCache.m */ = {isa = PBXFileReference; fileEncoding = 4; lastKnownFileType = sourcecode.c.objc; path = ASIDownloadCache.m; sourceTree = "<group>"; };
		5FD624E4150070E9000FF6EF /* ASIFormDataRequest.h */ = {isa = PBXFileReference; fileEncoding = 4; lastKnownFileType = sourcecode.c.h; path = ASIFormDataRequest.h; sourceTree = "<group>"; };
		5FD624E5150070E9000FF6EF /* ASIFormDataRequest.m */ = {isa = PBXFileReference; fileEncoding = 4; lastKnownFileType = sourcecode.c.objc; path = ASIFormDataRequest.m; sourceTree = "<group>"; };
		5FD624E6150070E9000FF6EF /* ASIHTTPRequest.h */ = {isa = PBXFileReference; fileEncoding = 4; lastKnownFileType = sourcecode.c.h; path = ASIHTTPRequest.h; sourceTree = "<group>"; };
		5FD624E7150070E9000FF6EF /* ASIHTTPRequest.m */ = {isa = PBXFileReference; fileEncoding = 4; lastKnownFileType = sourcecode.c.objc; path = ASIHTTPRequest.m; sourceTree = "<group>"; };
		5FD624E8150070E9000FF6EF /* ASIHTTPRequestConfig.h */ = {isa = PBXFileReference; fileEncoding = 4; lastKnownFileType = sourcecode.c.h; path = ASIHTTPRequestConfig.h; sourceTree = "<group>"; };
		5FD624E9150070E9000FF6EF /* ASIHTTPRequestDelegate.h */ = {isa = PBXFileReference; fileEncoding = 4; lastKnownFileType = sourcecode.c.h; path = ASIHTTPRequestDelegate.h; sourceTree = "<group>"; };
		5FD624EA150070E9000FF6EF /* ASIInputStream.h */ = {isa = PBXFileReference; fileEncoding = 4; lastKnownFileType = sourcecode.c.h; path = ASIInputStream.h; sourceTree = "<group>"; };
		5FD624EB150070E9000FF6EF /* ASIInputStream.m */ = {isa = PBXFileReference; fileEncoding = 4; lastKnownFileType = sourcecode.c.objc; path = ASIInputStream.m; sourceTree = "<group>"; };
		5FD624EC150070E9000FF6EF /* ASINetworkQueue.h */ = {isa = PBXFileReference; fileEncoding = 4; lastKnownFileType = sourcecode.c.h; path = ASINetworkQueue.h; sourceTree = "<group>"; };
		5FD624ED150070E9000FF6EF /* ASINetworkQueue.m */ = {isa = PBXFileReference; fileEncoding = 4; lastKnownFileType = sourcecode.c.objc; path = ASINetworkQueue.m; sourceTree = "<group>"; };
		5FD624EE150070E9000FF6EF /* ASIProgressDelegate.h */ = {isa = PBXFileReference; fileEncoding = 4; lastKnownFileType = sourcecode.c.h; path = ASIProgressDelegate.h; sourceTree = "<group>"; };
		5FD624F0150070E9000FF6EF /* ASIAuthenticationDialog.h */ = {isa = PBXFileReference; fileEncoding = 4; lastKnownFileType = sourcecode.c.h; path = ASIAuthenticationDialog.h; sourceTree = "<group>"; };
		5FD624F1150070E9000FF6EF /* ASIAuthenticationDialog.m */ = {isa = PBXFileReference; fileEncoding = 4; lastKnownFileType = sourcecode.c.objc; path = ASIAuthenticationDialog.m; sourceTree = "<group>"; };
		5FD624F2150070E9000FF6EF /* Reachability.h */ = {isa = PBXFileReference; fileEncoding = 4; lastKnownFileType = sourcecode.c.h; path = Reachability.h; sourceTree = "<group>"; };
		5FD624F3150070E9000FF6EF /* Reachability.m */ = {isa = PBXFileReference; fileEncoding = 4; lastKnownFileType = sourcecode.c.objc; path = Reachability.m; sourceTree = "<group>"; };
		5FD624FD150070F6000FF6EF /* SystemConfiguration.framework */ = {isa = PBXFileReference; lastKnownFileType = wrapper.framework; name = SystemConfiguration.framework; path = System/Library/Frameworks/SystemConfiguration.framework; sourceTree = SDKROOT; };
		5FD624FF150070FB000FF6EF /* MobileCoreServices.framework */ = {isa = PBXFileReference; lastKnownFileType = wrapper.framework; name = MobileCoreServices.framework; path = System/Library/Frameworks/MobileCoreServices.framework; sourceTree = SDKROOT; };
		5FD6250115007102000FF6EF /* CFNetwork.framework */ = {isa = PBXFileReference; lastKnownFileType = wrapper.framework; name = CFNetwork.framework; path = System/Library/Frameworks/CFNetwork.framework; sourceTree = SDKROOT; };
		5FD62503150071FF000FF6EF /* ASIDataCompressor.h */ = {isa = PBXFileReference; fileEncoding = 4; lastKnownFileType = sourcecode.c.h; path = ASIDataCompressor.h; sourceTree = "<group>"; };
		5FD62504150071FF000FF6EF /* ASIDataCompressor.m */ = {isa = PBXFileReference; fileEncoding = 4; lastKnownFileType = sourcecode.c.objc; path = ASIDataCompressor.m; sourceTree = "<group>"; };
		5FD6250515007200000FF6EF /* ASIDataDecompressor.h */ = {isa = PBXFileReference; fileEncoding = 4; lastKnownFileType = sourcecode.c.h; path = ASIDataDecompressor.h; sourceTree = "<group>"; };
		5FD6250615007200000FF6EF /* ASIDataDecompressor.m */ = {isa = PBXFileReference; fileEncoding = 4; lastKnownFileType = sourcecode.c.objc; path = ASIDataDecompressor.m; sourceTree = "<group>"; };
		5FD6250915007213000FF6EF /* libz.dylib */ = {isa = PBXFileReference; lastKnownFileType = "compiled.mach-o.dylib"; name = libz.dylib; path = usr/lib/libz.dylib; sourceTree = SDKROOT; };
		5FEB0967150075EC00F9D61A /* MTNetCacheManager.h */ = {isa = PBXFileReference; fileEncoding = 4; lastKnownFileType = sourcecode.c.h; path = MTNetCacheManager.h; sourceTree = "<group>"; };
		5FEB0968150075EC00F9D61A /* MTNetCacheManager.m */ = {isa = PBXFileReference; fileEncoding = 4; lastKnownFileType = sourcecode.c.objc; path = MTNetCacheManager.m; sourceTree = "<group>"; };
		5FEB096A1500786F00F9D61A /* MTNetCacheElement.h */ = {isa = PBXFileReference; fileEncoding = 4; lastKnownFileType = sourcecode.c.h; path = MTNetCacheElement.h; sourceTree = "<group>"; };
		5FEB096B1500786F00F9D61A /* MTNetCacheElement.m */ = {isa = PBXFileReference; fileEncoding = 4; lastKnownFileType = sourcecode.c.objc; path = MTNetCacheElement.m; sourceTree = "<group>"; };
		5FEB096D150081EC00F9D61A /* MTMenoryCache.h */ = {isa = PBXFileReference; fileEncoding = 4; lastKnownFileType = sourcecode.c.h; path = MTMenoryCache.h; sourceTree = "<group>"; };
		5FEB096E150081EC00F9D61A /* MTMenoryCache.m */ = {isa = PBXFileReference; fileEncoding = 4; lastKnownFileType = sourcecode.c.objc; path = MTMenoryCache.m; sourceTree = "<group>"; };
		5FEB09701500820100F9D61A /* MTLocationCache.h */ = {isa = PBXFileReference; fileEncoding = 4; lastKnownFileType = sourcecode.c.h; path = MTLocationCache.h; sourceTree = "<group>"; };
		5FEB09711500820100F9D61A /* MTLocationCache.m */ = {isa = PBXFileReference; fileEncoding = 4; lastKnownFileType = sourcecode.c.objc; path = MTLocationCache.m; sourceTree = "<group>"; };
		5FEB097C15009A2B00F9D61A /* MTDateFormatter.h */ = {isa = PBXFileReference; fileEncoding = 4; lastKnownFileType = sourcecode.c.h; path = MTDateFormatter.h; sourceTree = "<group>"; };
		5FEB097D15009A2B00F9D61A /* MTDateFormatter.m */ = {isa = PBXFileReference; fileEncoding = 4; lastKnownFileType = sourcecode.c.objc; path = MTDateFormatter.m; sourceTree = "<group>"; };
		5FF37AB61500B7BC008346D0 /* data.plist */ = {isa = PBXFileReference; fileEncoding = 4; lastKnownFileType = text.plist.xml; path = data.plist; sourceTree = "<group>"; };
/* End PBXFileReference section */

/* Begin PBXFrameworksBuildPhase section */
		5FD624BE15007097000FF6EF /* Frameworks */ = {
			isa = PBXFrameworksBuildPhase;
			buildActionMask = 2147483647;
			files = (
				5FD6250A15007213000FF6EF /* libz.dylib in Frameworks */,
				5FD6250215007102000FF6EF /* CFNetwork.framework in Frameworks */,
				5FD62500150070FB000FF6EF /* MobileCoreServices.framework in Frameworks */,
				5FD624FE150070F6000FF6EF /* SystemConfiguration.framework in Frameworks */,
				5FD624C615007097000FF6EF /* UIKit.framework in Frameworks */,
				5FD624C815007097000FF6EF /* Foundation.framework in Frameworks */,
				5FD624CA15007097000FF6EF /* CoreGraphics.framework in Frameworks */,
			);
			runOnlyForDeploymentPostprocessing = 0;
		};
/* End PBXFrameworksBuildPhase section */

/* Begin PBXGroup section */
		5FB926901501A9E700013E01 /* md5 */ = {
			isa = PBXGroup;
			children = (
				5FB926961501B02C00013E01 /* md5.c */,
				5FB926971501B02C00013E01 /* md5.h */,
				5FB926981501B02C00013E01 /* MTMd5.h */,
				5FB926991501B02C00013E01 /* MTMd5.m */,
			);
			path = md5;
			sourceTree = "<group>";
		};
		5FD624B615007097000FF6EF = {
			isa = PBXGroup;
			children = (
				5FD624CB15007097000FF6EF /* NetWorkTest */,
				5FD624C415007097000FF6EF /* Frameworks */,
				5FD624C215007097000FF6EF /* Products */,
			);
			sourceTree = "<group>";
		};
		5FD624C215007097000FF6EF /* Products */ = {
			isa = PBXGroup;
			children = (
				5FD624C115007097000FF6EF /* NetWorkTest.app */,
			);
			name = Products;
			sourceTree = "<group>";
		};
		5FD624C415007097000FF6EF /* Frameworks */ = {
			isa = PBXGroup;
			children = (
				5FD6250915007213000FF6EF /* libz.dylib */,
				5FD6250115007102000FF6EF /* CFNetwork.framework */,
				5FD624FF150070FB000FF6EF /* MobileCoreServices.framework */,
				5FD624FD150070F6000FF6EF /* SystemConfiguration.framework */,
				5FD624C515007097000FF6EF /* UIKit.framework */,
				5FD624C715007097000FF6EF /* Foundation.framework */,
				5FD624C915007097000FF6EF /* CoreGraphics.framework */,
			);
			name = Frameworks;
			sourceTree = "<group>";
		};
		5FD624CB15007097000FF6EF /* NetWorkTest */ = {
			isa = PBXGroup;
			children = (
				5FB926901501A9E700013E01 /* md5 */,
				5FEB097B15009A2B00F9D61A /* dateFormatter */,
				5FEB0966150075DE00F9D61A /* cacheManager */,
				5FD624DC150070E9000FF6EF /* ASIHTTP */,
				5FD624D415007097000FF6EF /* AppDelegate.h */,
				5FD624D515007097000FF6EF /* AppDelegate.m */,
				5FD624CC15007097000FF6EF /* Supporting Files */,
				5FF37AB61500B7BC008346D0 /* data.plist */,
			);
			path = NetWorkTest;
			sourceTree = "<group>";
		};
		5FD624CC15007097000FF6EF /* Supporting Files */ = {
			isa = PBXGroup;
			children = (
				5FD624CD15007097000FF6EF /* NetWorkTest-Info.plist */,
				5FD624CE15007097000FF6EF /* InfoPlist.strings */,
				5FD624D115007097000FF6EF /* main.m */,
				5FD624D315007097000FF6EF /* NetWorkTest-Prefix.pch */,
			);
			name = "Supporting Files";
			sourceTree = "<group>";
		};
		5FD624DC150070E9000FF6EF /* ASIHTTP */ = {
			isa = PBXGroup;
			children = (
				5FD62503150071FF000FF6EF /* ASIDataCompressor.h */,
				5FD62504150071FF000FF6EF /* ASIDataCompressor.m */,
				5FD6250515007200000FF6EF /* ASIDataDecompressor.h */,
				5FD6250615007200000FF6EF /* ASIDataDecompressor.m */,
				5FD624DD150070E9000FF6EF /* ASICacheDelegate.h */,
				5FD624E2150070E9000FF6EF /* ASIDownloadCache.h */,
				5FD624E3150070E9000FF6EF /* ASIDownloadCache.m */,
				5FD624E4150070E9000FF6EF /* ASIFormDataRequest.h */,
				5FD624E5150070E9000FF6EF /* ASIFormDataRequest.m */,
				5FD624E6150070E9000FF6EF /* ASIHTTPRequest.h */,
				5FD624E7150070E9000FF6EF /* ASIHTTPRequest.m */,
				5FD624E8150070E9000FF6EF /* ASIHTTPRequestConfig.h */,
				5FD624E9150070E9000FF6EF /* ASIHTTPRequestDelegate.h */,
				5FD624EA150070E9000FF6EF /* ASIInputStream.h */,
				5FD624EB150070E9000FF6EF /* ASIInputStream.m */,
				5FD624EC150070E9000FF6EF /* ASINetworkQueue.h */,
				5FD624ED150070E9000FF6EF /* ASINetworkQueue.m */,
				5FD624EE150070E9000FF6EF /* ASIProgressDelegate.h */,
				5FD624EF150070E9000FF6EF /* Reachability */,
			);
			path = ASIHTTP;
			sourceTree = "<group>";
		};
		5FD624EF150070E9000FF6EF /* Reachability */ = {
			isa = PBXGroup;
			children = (
				5FD624F0150070E9000FF6EF /* ASIAuthenticationDialog.h */,
				5FD624F1150070E9000FF6EF /* ASIAuthenticationDialog.m */,
				5FD624F2150070E9000FF6EF /* Reachability.h */,
				5FD624F3150070E9000FF6EF /* Reachability.m */,
			);
			path = Reachability;
			sourceTree = "<group>";
		};
		5FEB0966150075DE00F9D61A /* cacheManager */ = {
			isa = PBXGroup;
			children = (
				5FEB0967150075EC00F9D61A /* MTNetCacheManager.h */,
				5FEB0968150075EC00F9D61A /* MTNetCacheManager.m */,
				5FEB096A1500786F00F9D61A /* MTNetCacheElement.h */,
				5FEB096B1500786F00F9D61A /* MTNetCacheElement.m */,
				5FEB096D150081EC00F9D61A /* MTMenoryCache.h */,
				5FEB096E150081EC00F9D61A /* MTMenoryCache.m */,
				5FEB09701500820100F9D61A /* MTLocationCache.h */,
				5FEB09711500820100F9D61A /* MTLocationCache.m */,
			);
			path = cacheManager;
			sourceTree = "<group>";
		};
		5FEB097B15009A2B00F9D61A /* dateFormatter */ = {
			isa = PBXGroup;
			children = (
				5FEB097C15009A2B00F9D61A /* MTDateFormatter.h */,
				5FEB097D15009A2B00F9D61A /* MTDateFormatter.m */,
			);
			path = dateFormatter;
			sourceTree = "<group>";
		};
/* End PBXGroup section */

/* Begin PBXNativeTarget section */
		5FD624C015007097000FF6EF /* NetWorkTest */ = {
			isa = PBXNativeTarget;
			buildConfigurationList = 5FD624D915007097000FF6EF /* Build configuration list for PBXNativeTarget "NetWorkTest" */;
			buildPhases = (
				5FD624BD15007097000FF6EF /* Sources */,
				5FD624BE15007097000FF6EF /* Frameworks */,
				5FD624BF15007097000FF6EF /* Resources */,
			);
			buildRules = (
			);
			dependencies = (
			);
			name = NetWorkTest;
			productName = NetWorkTest;
			productReference = 5FD624C115007097000FF6EF /* NetWorkTest.app */;
			productType = "com.apple.product-type.application";
		};
/* End PBXNativeTarget section */

/* Begin PBXProject section */
		5FD624B815007097000FF6EF /* Project object */ = {
			isa = PBXProject;
			attributes = {
				LastUpgradeCheck = 0420;
			};
			buildConfigurationList = 5FD624BB15007097000FF6EF /* Build configuration list for PBXProject "NetWorkTest" */;
			compatibilityVersion = "Xcode 3.2";
			developmentRegion = English;
			hasScannedForEncodings = 0;
			knownRegions = (
				en,
			);
			mainGroup = 5FD624B615007097000FF6EF;
			productRefGroup = 5FD624C215007097000FF6EF /* Products */;
			projectDirPath = "";
			projectRoot = "";
			targets = (
				5FD624C015007097000FF6EF /* NetWorkTest */,
			);
		};
/* End PBXProject section */

/* Begin PBXResourcesBuildPhase section */
		5FD624BF15007097000FF6EF /* Resources */ = {
			isa = PBXResourcesBuildPhase;
			buildActionMask = 2147483647;
			files = (
				5FD624D015007097000FF6EF /* InfoPlist.strings in Resources */,
				5FF37AB71500B7BC008346D0 /* data.plist in Resources */,
			);
			runOnlyForDeploymentPostprocessing = 0;
		};
/* End PBXResourcesBuildPhase section */

/* Begin PBXSourcesBuildPhase section */
		5FD624BD15007097000FF6EF /* Sources */ = {
			isa = PBXSourcesBuildPhase;
			buildActionMask = 2147483647;
			files = (
				5FD624D215007097000FF6EF /* main.m in Sources */,
				5FD624D615007097000FF6EF /* AppDelegate.m in Sources */,
				5FD624F6150070E9000FF6EF /* ASIDownloadCache.m in Sources */,
				5FD624F7150070E9000FF6EF /* ASIFormDataRequest.m in Sources */,
				5FD624F8150070E9000FF6EF /* ASIHTTPRequest.m in Sources */,
				5FD624F9150070E9000FF6EF /* ASIInputStream.m in Sources */,
				5FD624FA150070E9000FF6EF /* ASINetworkQueue.m in Sources */,
				5FD624FB150070E9000FF6EF /* ASIAuthenticationDialog.m in Sources */,
				5FD624FC150070E9000FF6EF /* Reachability.m in Sources */,
				5FD6250715007200000FF6EF /* ASIDataCompressor.m in Sources */,
				5FD6250815007200000FF6EF /* ASIDataDecompressor.m in Sources */,
				5FEB0969150075EC00F9D61A /* MTNetCacheManager.m in Sources */,
				5FEB096C1500786F00F9D61A /* MTNetCacheElement.m in Sources */,
				5FEB096F150081EC00F9D61A /* MTMenoryCache.m in Sources */,
				5FEB09721500820100F9D61A /* MTLocationCache.m in Sources */,
				5FEB097E15009A2B00F9D61A /* MTDateFormatter.m in Sources */,
				5FB9269A1501B02C00013E01 /* md5.c in Sources */,
				5FB9269B1501B02C00013E01 /* MTMd5.m in Sources */,
			);
			runOnlyForDeploymentPostprocessing = 0;
		};
/* End PBXSourcesBuildPhase section */

/* Begin PBXVariantGroup section */
		5FD624CE15007097000FF6EF /* InfoPlist.strings */ = {
			isa = PBXVariantGroup;
			children = (
				5FD624CF15007097000FF6EF /* en */,
			);
			name = InfoPlist.strings;
			sourceTree = "<group>";
		};
/* End PBXVariantGroup section */

/* Begin XCBuildConfiguration section */
		5FD624D715007097000FF6EF /* Debug */ = {
			isa = XCBuildConfiguration;
			buildSettings = {
				ALWAYS_SEARCH_USER_PATHS = NO;
				ARCHS = "$(ARCHS_STANDARD_32_BIT)";
				"CODE_SIGN_IDENTITY[sdk=iphoneos*]" = "iPhone Developer";
				COPY_PHASE_STRIP = NO;
				GCC_C_LANGUAGE_STANDARD = gnu99;
				GCC_DYNAMIC_NO_PIC = NO;
				GCC_OPTIMIZATION_LEVEL = 0;
				GCC_PREPROCESSOR_DEFINITIONS = (
					"DEBUG=1",
					"$(inherited)",
				);
				GCC_SYMBOLS_PRIVATE_EXTERN = NO;
				GCC_VERSION = com.apple.compilers.llvm.clang.1_0;
				GCC_WARN_ABOUT_MISSING_PROTOTYPES = YES;
				GCC_WARN_ABOUT_RETURN_TYPE = YES;
				GCC_WARN_UNUSED_VARIABLE = YES;
				IPHONEOS_DEPLOYMENT_TARGET = 4.0;
				SDKROOT = iphoneos;
				TARGETED_DEVICE_FAMILY = "1,2";
			};
			name = Debug;
		};
		5FD624D815007097000FF6EF /* Release */ = {
			isa = XCBuildConfiguration;
			buildSettings = {
				ALWAYS_SEARCH_USER_PATHS = NO;
				ARCHS = "$(ARCHS_STANDARD_32_BIT)";
				"CODE_SIGN_IDENTITY[sdk=iphoneos*]" = "iPhone Developer";
				COPY_PHASE_STRIP = YES;
				GCC_C_LANGUAGE_STANDARD = gnu99;
				GCC_VERSION = com.apple.compilers.llvm.clang.1_0;
				GCC_WARN_ABOUT_MISSING_PROTOTYPES = YES;
				GCC_WARN_ABOUT_RETURN_TYPE = YES;
				GCC_WARN_UNUSED_VARIABLE = YES;
				IPHONEOS_DEPLOYMENT_TARGET = 4.0;
				OTHER_CFLAGS = "-DNS_BLOCK_ASSERTIONS=1";
				SDKROOT = iphoneos;
				TARGETED_DEVICE_FAMILY = "1,2";
				VALIDATE_PRODUCT = YES;
			};
			name = Release;
		};
		5FD624DA15007097000FF6EF /* Debug */ = {
			isa = XCBuildConfiguration;
			buildSettings = {
				GCC_PRECOMPILE_PREFIX_HEADER = YES;
				GCC_PREFIX_HEADER = "NetWorkTest/NetWorkTest-Prefix.pch";
				INFOPLIST_FILE = "NetWorkTest/NetWorkTest-Info.plist";
				PRODUCT_NAME = "$(TARGET_NAME)";
				WRAPPER_EXTENSION = app;
			};
			name = Debug;
		};
		5FD624DB15007097000FF6EF /* Release */ = {
			isa = XCBuildConfiguration;
			buildSettings = {
				GCC_PRECOMPILE_PREFIX_HEADER = YES;
				GCC_PREFIX_HEADER = "NetWorkTest/NetWorkTest-Prefix.pch";
				INFOPLIST_FILE = "NetWorkTest/NetWorkTest-Info.plist";
				PRODUCT_NAME = "$(TARGET_NAME)";
				WRAPPER_EXTENSION = app;
			};
			name = Release;
		};
/* End XCBuildConfiguration section */

/* Begin XCConfigurationList section */
		5FD624BB15007097000FF6EF /* Build configuration list for PBXProject "NetWorkTest" */ = {
			isa = XCConfigurationList;
			buildConfigurations = (
				5FD624D715007097000FF6EF /* Debug */,
				5FD624D815007097000FF6EF /* Release */,
			);
			defaultConfigurationIsVisible = 0;
			defaultConfigurationName = Release;
		};
		5FD624D915007097000FF6EF /* Build configuration list for PBXNativeTarget "NetWorkTest" */ = {
			isa = XCConfigurationList;
			buildConfigurations = (
				5FD624DA15007097000FF6EF /* Debug */,
				5FD624DB15007097000FF6EF /* Release */,
			);
			defaultConfigurationIsVisible = 0;
			defaultConfigurationName = Release;
		};
/* End XCConfigurationList section */
	};
	rootObject = 5FD624B815007097000FF6EF /* Project object */;
}
